// !$*UTF8*$!
{
	archiveVersion = 1;
	classes = {
	};
	objectVersion = 110;
	objects = {

/* Begin PBXBuildFile section */
		D98A871B30685002007D5F92 /* SnapshotTesting in Frameworks */ = {isa = PBXBuildFile; productRef = D98A871A30685002007D5F92 /* SnapshotTesting */; };
		D98A872230685003007D5F92 /* ChromahoraWidgets.appex in Embed Foundation Extensions */ = {isa = PBXBuildFile; fileRef = D98A872130685003007D5F92 /* ChromahoraWidgets.appex */; settings = {ATTRIBUTES = (RemoveHeadersOnCopy, ); }; };
		D98A873130685004007D5F92 /* ChromahoraWatch.app in Embed Watch Content */ = {isa = PBXBuildFile; fileRef = D98A873030685004007D5F92 /* ChromahoraWatch.app */; settings = {ATTRIBUTES = (RemoveHeadersOnCopy, ); }; };
		D98A874130685005007D5F92 /* ChromahoraWatchWidgets.appex in Embed Foundation Extensions */ = {isa = PBXBuildFile; fileRef = D98A874030685005007D5F92 /* ChromahoraWatchWidgets.appex */; settings = {ATTRIBUTES = (RemoveHeadersOnCopy, ); }; };
/* End PBXBuildFile section */

/* Begin PBXContainerItemProxy section */
		D98A86FE30685002007D5F92 /* PBXContainerItemProxy */ = {
			isa = PBXContainerItemProxy;
			containerPortal = D98A86E830685001007D5F92 /* Project object */;
			proxyType = 1;
			remoteGlobalIDString = D98A86EF30685001007D5F92;
			remoteInfo = Chromahora;
		};
		D98A872430685003007D5F92 /* PBXContainerItemProxy */ = {
			isa = PBXContainerItemProxy;
			containerPortal = D98A86E830685001007D5F92 /* Project object */;
			proxyType = 1;
			remoteGlobalIDString = D98A872030685003007D5F92;
			remoteInfo = ChromahoraWidgets;
		};
		D98A873330685004007D5F92 /* PBXContainerItemProxy */ = {
			isa = PBXContainerItemProxy;
			containerPortal = D98A86E830685001007D5F92 /* Project object */;
			proxyType = 1;
			remoteGlobalIDString = D98A873830685004007D5F92;
			remoteInfo = ChromahoraWatch;
		};
		D98A874330685005007D5F92 /* PBXContainerItemProxy */ = {
			isa = PBXContainerItemProxy;
			containerPortal = D98A86E830685001007D5F92 /* Project object */;
			proxyType = 1;
			remoteGlobalIDString = D98A874930685005007D5F92;
			remoteInfo = ChromahoraWatchWidgets;
		};
/* End PBXContainerItemProxy section */

/* Begin PBXCopyFilesBuildPhase section */
		D98A872330685003007D5F92 /* Embed Foundation Extensions */ = {
			isa = PBXCopyFilesBuildPhase;
			dstPath = "";
			dstSubfolder = PlugIns;
			files = (
				D98A872230685003007D5F92 /* ChromahoraWidgets.appex in Embed Foundation Extensions */,
			);
			name = "Embed Foundation Extensions";
		};
		D98A873230685004007D5F92 /* Embed Watch Content */ = {
			isa = PBXCopyFilesBuildPhase;
			dstPath = "$(CONTENTS_FOLDER_PATH)/Watch";
			dstSubfolder = Product;
			files = (
				D98A873130685004007D5F92 /* ChromahoraWatch.app in Embed Watch Content */,
			);
			name = "Embed Watch Content";
		};
		D98A874230685005007D5F92 /* Embed Foundation Extensions */ = {
			isa = PBXCopyFilesBuildPhase;
			dstPath = "";
			dstSubfolder = PlugIns;
			files = (
				D98A874130685005007D5F92 /* ChromahoraWatchWidgets.appex in Embed Foundation Extensions */,
			);
			name = "Embed Foundation Extensions";
		};
/* End PBXCopyFilesBuildPhase section */

/* Begin PBXFileReference section */
		D98A86F030685001007D5F92 /* Chromahora.app */ = {isa = PBXFileReference; explicitFileType = wrapper.application; includeInIndex = 0; path = Chromahora.app; sourceTree = BUILT_PRODUCTS_DIR; };
		D98A86FD30685002007D5F92 /* ChromahoraTests.xctest */ = {isa = PBXFileReference; explicitFileType = wrapper.cfbundle; includeInIndex = 0; path = ChromahoraTests.xctest; sourceTree = BUILT_PRODUCTS_DIR; };
		D98A872130685003007D5F92 /* ChromahoraWidgets.appex */ = {isa = PBXFileReference; explicitFileType = "wrapper.app-extension"; includeInIndex = 0; path = ChromahoraWidgets.appex; sourceTree = BUILT_PRODUCTS_DIR; };
		D98A873030685004007D5F92 /* ChromahoraWatch.app */ = {isa = PBXFileReference; explicitFileType = wrapper.application; includeInIndex = 0; path = ChromahoraWatch.app; sourceTree = BUILT_PRODUCTS_DIR; };
		D98A874030685005007D5F92 /* ChromahoraWatchWidgets.appex */ = {isa = PBXFileReference; explicitFileType = "wrapper.app-extension"; includeInIndex = 0; path = ChromahoraWatchWidgets.appex; sourceTree = BUILT_PRODUCTS_DIR; };
/* End PBXFileReference section */

/* Begin PBXFileSystemSynchronizedBuildFileExceptionSet section */
		D98A871C30685002007D5F92 /* Exceptions for "ChromahoraTests" folder in "ChromahoraTests" target */ = {
			isa = PBXFileSystemSynchronizedBuildFileExceptionSet;
			membershipExceptions = (
				Snapshots/AGENTS.md,
				Snapshots/CLAUDE.md,
			);
			target = D98A86FC30685002007D5F92 /* ChromahoraTests */;
		};
		D98A871D30685002007D5F92 /* Exceptions for "Chromahora" folder in "Chromahora" target */ = {
			isa = PBXFileSystemSynchronizedBuildFileExceptionSet;
			membershipExceptions = (
				App/Info.plist,
				Debug/AGENTS.md,
				Debug/CLAUDE.md,
				Details/AGENTS.md,
				Details/CLAUDE.md,
				Location/AGENTS.md,
				Location/CLAUDE.md,
				Screen/AGENTS.md,
				Screen/CLAUDE.md,
				SolarDay/AGENTS.md,
				SolarDay/CLAUDE.md,
				SunriseSunset/AGENTS.md,
				SunriseSunset/CLAUDE.md,
				Timeline/AGENTS.md,
				Timeline/CLAUDE.md,
				Weather/AGENTS.md,
				Weather/CLAUDE.md,
				Widgets/AGENTS.md,
				Widgets/CLAUDE.md,
			);
			target = D98A86EF30685001007D5F92 /* Chromahora */;
		};
		D98A872730685003007D5F92 /* Exceptions for "ChromahoraWidgets" folder in "ChromahoraWidgets" target */ = {
			isa = PBXFileSystemSynchronizedBuildFileExceptionSet;
			membershipExceptions = (
				AGENTS.md,
				CLAUDE.md,
				Info.plist,
			);
			target = D98A872030685003007D5F92 /* ChromahoraWidgets */;
		};
		D98A872830685003007D5F92 /* Exceptions for "Chromahora" folder in "ChromahoraWidgets" target */ = {
			isa = PBXFileSystemSynchronizedBuildFileExceptionSet;
			membershipExceptions = (
				App/AppGroup.swift,
				Details/MoonGlyph.swift,
				Location/DevicePlaceProvider.swift,
				Location/Place.swift,
				Location/PlaceProvider.swift,
				Location/StoredPlaceName.swift,
				"Location/zone-links.txt",
				Location/zone.tab,
				SolarDay/DayRun.swift,
				SolarDay/MockScenario.swift,
				SolarDay/SolarDay.swift,
				"SolarDay/SolarDay+Moon.swift",
				"SolarDay/SolarDay+Text.swift",
				SolarDay/SolarDayProvider.swift,
				SunriseSunset/SolarDayCache.swift,
				SunriseSunset/SolarDayRecord.swift,
				SunriseSunset/SunriseSunsetClient.swift,
				SunriseSunset/SunriseSunsetProvider.swift,
				Timeline/SkyGradient.swift,
				Weather/AppleWeatherCredit.swift,
				Weather/ForecastCache.swift,
				Weather/SkyHour.swift,
				Weather/ThrottledWeatherProvider.swift,
				Weather/WeatherKitProvider.swift,
				Weather/WeatherProvider.swift,
				Weather/WeatherSpell.swift,
				Widgets/DayStripView.swift,
				Widgets/MagicHourSummary.swift,
				Widgets/MoonView.swift,
				Widgets/MorningEveningView.swift,
				Widgets/NextMagicHourView.swift,
				Widgets/NextPhasesView.swift,
				Widgets/PhaseDot.swift,
				Widgets/SkyBackground.swift,
				Widgets/SkyEntry.swift,
				Widgets/SkyGlyph.swift,
				Widgets/SkyLoader.swift,
				Widgets/SkyStrip.swift,
				Widgets/SunTimesView.swift,
				Widgets/WidgetContent.swift,
				Widgets/WidgetCountdown.swift,
				Widgets/WidgetCredit.swift,
				Widgets/WidgetHero.swift,
				Widgets/WidgetPlaceHeader.swift,
				Widgets/WidgetUnavailableView.swift,
				Widgets/WidgetWeather.swift,
			);
			target = D98A872030685003007D5F92 /* ChromahoraWidgets */;
		};
		D98A873630685004007D5F92 /* Exceptions for "ChromahoraWatch" folder in "ChromahoraWatch" target */ = {
			isa = PBXFileSystemSynchronizedBuildFileExceptionSet;
			membershipExceptions = (
				AGENTS.md,
				App/Info.plist,
				CLAUDE.md,
			);
			target = D98A873830685004007D5F92 /* ChromahoraWatch */;
		};
		D98A873730685004007D5F92 /* Exceptions for "Chromahora" folder in "ChromahoraWatch" target */ = {
			isa = PBXFileSystemSynchronizedBuildFileExceptionSet;
			membershipExceptions = (
				App/AppGroup.swift,
				App/DayLoading.swift,
				AppIcon.icon,
				Assets.xcassets,
				Debug/DebugPlaceProvider.swift,
				Debug/DebugSettings.swift,
				Debug/DebugSolarDayProvider.swift,
				Debug/DebugWeatherProvider.swift,
				Details/DayDetails.swift,
				Details/DetailRow.swift,
				Details/DetailTopic.swift,
				Details/InfoButton.swift,
				Details/MoonGlyph.swift,
				Location/CoreLocationSource.swift,
				Location/DevicePlaceProvider.swift,
				Location/MapKitPlaceSearch.swift,
				Location/Place.swift,
				Location/PlaceNames.swift,
				Location/PlaceProvider.swift,
				Location/PlaceSearch.swift,
				Location/StoredPlaceName.swift,
				"Location/zone-links.txt",
				Location/zone.tab,
				Screen/DayTitle.swift,
				Screen/LoadingSky.swift,
				SolarDay/DayRun.swift,
				SolarDay/MockScenario.swift,
				SolarDay/SolarDay.swift,
				"SolarDay/SolarDay+Focus.swift",
				"SolarDay/SolarDay+Moon.swift",
				"SolarDay/SolarDay+Text.swift",
				SolarDay/SolarDayProvider.swift,
				SolarDay/SolarDayStore.swift,
				SunriseSunset/SolarDayCache.swift,
				SunriseSunset/SolarDayRecord.swift,
				SunriseSunset/SunriseSunsetClient.swift,
				SunriseSunset/SunriseSunsetProvider.swift,
				Timeline/HorizontalRule.swift,
				Timeline/LabelSpacing.swift,
				Timeline/SkyGradient.swift,
				Timeline/WeatherButton.swift,
				Weather/AppleWeatherCredit.swift,
				Weather/ForecastCache.swift,
				Weather/SkyHour.swift,
				Weather/ThrottledWeatherProvider.swift,
				Weather/WeatherKitProvider.swift,
				Weather/WeatherProvider.swift,
				Weather/WeatherSpell.swift,
				Weather/WeatherSpellDetails.swift,
				Weather/WeatherStore.swift,
				Widgets/PhaseDot.swift,
				Widgets/SkyStrip.swift,
			);
			target = D98A873830685004007D5F92 /* ChromahoraWatch */;
		};
		D98A874630685005007D5F92 /* Exceptions for "ChromahoraWatchWidgets" folder in "ChromahoraWatchWidgets" target */ = {
			isa = PBXFileSystemSynchronizedBuildFileExceptionSet;
			membershipExceptions = (
				AGENTS.md,
				CLAUDE.md,
				Info.plist,
			);
			target = D98A874930685005007D5F92 /* ChromahoraWatchWidgets */;
		};
		D98A874730685005007D5F92 /* Exceptions for "Chromahora" folder in "ChromahoraWatchWidgets" target */ = {
			isa = PBXFileSystemSynchronizedBuildFileExceptionSet;
			membershipExceptions = (
				App/AppGroup.swift,
				Location/DevicePlaceProvider.swift,
				Location/Place.swift,
				Location/PlaceProvider.swift,
				Location/StoredPlaceName.swift,
				"Location/zone-links.txt",
				Location/zone.tab,
				SolarDay/DayRun.swift,
				SolarDay/MockScenario.swift,
				SolarDay/SolarDay.swift,
				"SolarDay/SolarDay+Moon.swift",
				"SolarDay/SolarDay+Text.swift",
				SolarDay/SolarDayProvider.swift,
				SunriseSunset/SolarDayCache.swift,
				SunriseSunset/SolarDayRecord.swift,
				SunriseSunset/SunriseSunsetClient.swift,
				SunriseSunset/SunriseSunsetProvider.swift,
				Timeline/SkyGradient.swift,
				Weather/ForecastCache.swift,
				Weather/SkyHour.swift,
				Weather/ThrottledWeatherProvider.swift,
				Weather/WeatherProvider.swift,
				Weather/WeatherSpell.swift,
				Widgets/PhaseComplicationView.swift,
				Widgets/PhaseDot.swift,
				Widgets/SkyBackground.swift,
				Widgets/SkyEntry.swift,
				Widgets/SkyLoader.swift,
				Widgets/WidgetCountdown.swift,
				Widgets/WidgetWeather.swift,
			);
			target = D98A874930685005007D5F92 /* ChromahoraWatchWidgets */;
		};
		D98A874830685005007D5F92 /* Exceptions for "ChromahoraWidgets" folder in "ChromahoraWatchWidgets" target */ = {
			isa = PBXFileSystemSynchronizedBuildFileExceptionSet;
			membershipExceptions = (
				SkyTimelineProvider.swift,
			);
			target = D98A874930685005007D5F92 /* ChromahoraWatchWidgets */;
		};
/* End PBXFileSystemSynchronizedBuildFileExceptionSet section */

/* Begin PBXFileSystemSynchronizedRootGroup section */
		D98A86F230685001007D5F92 /* Chromahora */ = {
			isa = PBXFileSystemSynchronizedRootGroup;
			exceptions = (
				D98A871D30685002007D5F92 /* Exceptions for "Chromahora" folder in "Chromahora" target */,
				D98A872830685003007D5F92 /* Exceptions for "Chromahora" folder in "ChromahoraWidgets" target */,
				D98A873730685004007D5F92 /* Exceptions for "Chromahora" folder in "ChromahoraWatch" target */,
				D98A874730685005007D5F92 /* Exceptions for "Chromahora" folder in "ChromahoraWatchWidgets" target */,
			);
			path = Chromahora;
			sourceTree = "<group>";
		};
		D98A870030685002007D5F92 /* ChromahoraTests */ = {
			isa = PBXFileSystemSynchronizedRootGroup;
			exceptions = (
				D98A871C30685002007D5F92 /* Exceptions for "ChromahoraTests" folder in "ChromahoraTests" target */,
			);
			path = ChromahoraTests;
			sourceTree = "<group>";
		};
		D98A872630685003007D5F92 /* ChromahoraWidgets */ = {
			isa = PBXFileSystemSynchronizedRootGroup;
			exceptions = (
				D98A872730685003007D5F92 /* Exceptions for "ChromahoraWidgets" folder in "ChromahoraWidgets" target */,
				D98A874830685005007D5F92 /* Exceptions for "ChromahoraWidgets" folder in "ChromahoraWatchWidgets" target */,
			);
			path = ChromahoraWidgets;
			sourceTree = "<group>";
		};
		D98A873530685004007D5F92 /* ChromahoraWatch */ = {
			isa = PBXFileSystemSynchronizedRootGroup;
			exceptions = (
				D98A873630685004007D5F92 /* Exceptions for "ChromahoraWatch" folder in "ChromahoraWatch" target */,
			);
			path = ChromahoraWatch;
			sourceTree = "<group>";
		};
		D98A874530685005007D5F92 /* ChromahoraWatchWidgets */ = {
			isa = PBXFileSystemSynchronizedRootGroup;
			exceptions = (
				D98A874630685005007D5F92 /* Exceptions for "ChromahoraWatchWidgets" folder in "ChromahoraWatchWidgets" target */,
			);
			path = ChromahoraWatchWidgets;
			sourceTree = "<group>";
		};
/* End PBXFileSystemSynchronizedRootGroup section */

/* Begin PBXFrameworksBuildPhase section */
		D98A86ED30685001007D5F92 /* Frameworks */ = {
			isa = PBXFrameworksBuildPhase;
			files = (
			);
		};
		D98A86FA30685002007D5F92 /* Frameworks */ = {
			isa = PBXFrameworksBuildPhase;
			files = (
				D98A871B30685002007D5F92 /* SnapshotTesting in Frameworks */,
			);
		};
		D98A872A30685003007D5F92 /* Frameworks */ = {
			isa = PBXFrameworksBuildPhase;
			files = (
			);
		};
		D98A873A30685004007D5F92 /* Frameworks */ = {
			isa = PBXFrameworksBuildPhase;
			files = (
			);
		};
		D98A874B30685005007D5F92 /* Frameworks */ = {
			isa = PBXFrameworksBuildPhase;
			files = (
			);
		};
/* End PBXFrameworksBuildPhase section */

/* Begin PBXGroup section */
		D98A86E730685001007D5F92 = {
			isa = PBXGroup;
			children = (
				D98A86F230685001007D5F92 /* Chromahora */,
				D98A870030685002007D5F92 /* ChromahoraTests */,
				D98A872630685003007D5F92 /* ChromahoraWidgets */,
				D98A873530685004007D5F92 /* ChromahoraWatch */,
				D98A874530685005007D5F92 /* ChromahoraWatchWidgets */,
				D98A86F130685001007D5F92 /* Products */,
			);
			sourceTree = "<group>";
		};
		D98A86F130685001007D5F92 /* Products */ = {
			isa = PBXGroup;
			children = (
				D98A86F030685001007D5F92 /* Chromahora.app */,
				D98A86FD30685002007D5F92 /* ChromahoraTests.xctest */,
				D98A872130685003007D5F92 /* ChromahoraWidgets.appex */,
				D98A873030685004007D5F92 /* ChromahoraWatch.app */,
				D98A874030685005007D5F92 /* ChromahoraWatchWidgets.appex */,
			);
			name = Products;
			sourceTree = "<group>";
		};
/* End PBXGroup section */

/* Begin PBXNativeTarget section */
		D98A86EF30685001007D5F92 /* Chromahora */ = {
			isa = PBXNativeTarget;
			buildConfigurationList = D98A870F30685002007D5F92 /* Build configuration list for PBXNativeTarget "Chromahora" */;
			buildPhases = (
				D98A86EC30685001007D5F92 /* Sources */,
				D98A86ED30685001007D5F92 /* Frameworks */,
				D98A86EE30685001007D5F92 /* Resources */,
				D98A872330685003007D5F92 /* Embed Foundation Extensions */,
				D98A873230685004007D5F92 /* Embed Watch Content */,
			);
			buildRules = (
			);
			dependencies = (
				D98A872530685003007D5F92 /* PBXTargetDependency */,
				D98A873430685004007D5F92 /* PBXTargetDependency */,
			);
			fileSystemSynchronizedGroups = (
				D98A86F230685001007D5F92 /* Chromahora */,
			);
			name = Chromahora;
			productName = Chromahora;
			productReference = D98A86F030685001007D5F92 /* Chromahora.app */;
			productType = "com.apple.product-type.application";
		};
		D98A86FC30685002007D5F92 /* ChromahoraTests */ = {
			isa = PBXNativeTarget;
			buildConfigurationList = D98A871230685002007D5F92 /* Build configuration list for PBXNativeTarget "ChromahoraTests" */;
			buildPhases = (
				D98A86F930685002007D5F92 /* Sources */,
				D98A86FA30685002007D5F92 /* Frameworks */,
				D98A86FB30685002007D5F92 /* Resources */,
			);
			buildRules = (
			);
			dependencies = (
				D98A86FF30685002007D5F92 /* PBXTargetDependency */,
			);
			fileSystemSynchronizedGroups = (
				D98A870030685002007D5F92 /* ChromahoraTests */,
			);
			name = ChromahoraTests;
			packageProductDependencies = (
				D98A871A30685002007D5F92 /* SnapshotTesting */,
			);
			productName = ChromahoraTests;
			productReference = D98A86FD30685002007D5F92 /* ChromahoraTests.xctest */;
			productType = "com.apple.product-type.bundle.unit-test";
		};
		D98A872030685003007D5F92 /* ChromahoraWidgets */ = {
			isa = PBXNativeTarget;
			buildConfigurationList = D98A872C30685003007D5F92 /* Build configuration list for PBXNativeTarget "ChromahoraWidgets" */;
			buildPhases = (
				D98A872930685003007D5F92 /* Sources */,
				D98A872A30685003007D5F92 /* Frameworks */,
				D98A872B30685003007D5F92 /* Resources */,
			);
			buildRules = (
			);
			fileSystemSynchronizedGroups = (
				D98A872630685003007D5F92 /* ChromahoraWidgets */,
			);
			name = ChromahoraWidgets;
			productName = ChromahoraWidgets;
			productReference = D98A872130685003007D5F92 /* ChromahoraWidgets.appex */;
			productType = "com.apple.product-type.app-extension";
		};
		D98A873830685004007D5F92 /* ChromahoraWatch */ = {
			isa = PBXNativeTarget;
			buildConfigurationList = D98A873C30685004007D5F92 /* Build configuration list for PBXNativeTarget "ChromahoraWatch" */;
			buildPhases = (
				D98A873930685004007D5F92 /* Sources */,
				D98A873A30685004007D5F92 /* Frameworks */,
				D98A873B30685004007D5F92 /* Resources */,
				D98A874230685005007D5F92 /* Embed Foundation Extensions */,
			);
			buildRules = (
			);
			dependencies = (
				D98A874430685005007D5F92 /* PBXTargetDependency */,
			);
			fileSystemSynchronizedGroups = (
				D98A873530685004007D5F92 /* ChromahoraWatch */,
			);
			name = ChromahoraWatch;
			productName = ChromahoraWatch;
			productReference = D98A873030685004007D5F92 /* ChromahoraWatch.app */;
			productType = "com.apple.product-type.application";
		};
		D98A874930685005007D5F92 /* ChromahoraWatchWidgets */ = {
			isa = PBXNativeTarget;
			buildConfigurationList = D98A874D30685005007D5F92 /* Build configuration list for PBXNativeTarget "ChromahoraWatchWidgets" */;
			buildPhases = (
				D98A874A30685005007D5F92 /* Sources */,
				D98A874B30685005007D5F92 /* Frameworks */,
				D98A874C30685005007D5F92 /* Resources */,
			);
			buildRules = (
			);
			fileSystemSynchronizedGroups = (
				D98A874530685005007D5F92 /* ChromahoraWatchWidgets */,
			);
			name = ChromahoraWatchWidgets;
			productName = ChromahoraWatchWidgets;
			productReference = D98A874030685005007D5F92 /* ChromahoraWatchWidgets.appex */;
			productType = "com.apple.product-type.app-extension";
		};
/* End PBXNativeTarget section */

/* Begin PBXProject section */
		D98A86E830685001007D5F92 /* Project object */ = {
			isa = PBXProject;
			attributes = {
				BuildIndependentTargetsInParallel = 1;
				LastSwiftUpdateCheck = 2700;
				LastUpgradeCheck = 2700;
				TargetAttributes = {
					D98A86EF30685001007D5F92 = {
						CreatedOnToolsVersion = 27.0;
					};
					D98A86FC30685002007D5F92 = {
						CreatedOnToolsVersion = 27.0;
						TestTargetID = D98A86EF30685001007D5F92;
					};
					D98A872030685003007D5F92 = {
						CreatedOnToolsVersion = 27.0;
					};
					D98A873830685004007D5F92 = {
						CreatedOnToolsVersion = 27.0;
					};
					D98A874930685005007D5F92 = {
						CreatedOnToolsVersion = 27.0;
					};
				};
			};
			buildConfigurationList = D98A86EB30685001007D5F92 /* Build configuration list for PBXProject "Chromahora" */;
			developmentRegion = en;
			hasScannedForEncodings = 0;
			knownRegions = (
				en,
				Base,
			);
			mainGroup = D98A86E730685001007D5F92;
			minimizedProjectReferenceProxies = 1;
			packageReferences = (
				D98A871930685002007D5F92 /* XCRemoteSwiftPackageReference "swift-snapshot-testing" */,
			);
			preferredProjectObjectVersion = 77;
			productRefGroup = D98A86F130685001007D5F92 /* Products */;
			projectDirPath = "";
			projectRoot = "";
			targets = (
				D98A86EF30685001007D5F92 /* Chromahora */,
				D98A86FC30685002007D5F92 /* ChromahoraTests */,
				D98A872030685003007D5F92 /* ChromahoraWidgets */,
				D98A873830685004007D5F92 /* ChromahoraWatch */,
				D98A874930685005007D5F92 /* ChromahoraWatchWidgets */,
			);
		};
/* End PBXProject section */

/* Begin PBXResourcesBuildPhase section */
		D98A86EE30685001007D5F92 /* Resources */ = {
			isa = PBXResourcesBuildPhase;
			files = (
			);
		};
		D98A86FB30685002007D5F92 /* Resources */ = {
			isa = PBXResourcesBuildPhase;
			files = (
			);
		};
		D98A872B30685003007D5F92 /* Resources */ = {
			isa = PBXResourcesBuildPhase;
			files = (
			);
		};
		D98A873B30685004007D5F92 /* Resources */ = {
			isa = PBXResourcesBuildPhase;
			files = (
			);
		};
		D98A874C30685005007D5F92 /* Resources */ = {
			isa = PBXResourcesBuildPhase;
			files = (
			);
		};
/* End PBXResourcesBuildPhase section */

/* Begin PBXSourcesBuildPhase section */
		D98A86EC30685001007D5F92 /* Sources */ = {
			isa = PBXSourcesBuildPhase;
			files = (
			);
		};
		D98A86F930685002007D5F92 /* Sources */ = {
			isa = PBXSourcesBuildPhase;
			files = (
			);
		};
		D98A872930685003007D5F92 /* Sources */ = {
			isa = PBXSourcesBuildPhase;
			files = (
			);
		};
		D98A873930685004007D5F92 /* Sources */ = {
			isa = PBXSourcesBuildPhase;
			files = (
			);
		};
		D98A874A30685005007D5F92 /* Sources */ = {
			isa = PBXSourcesBuildPhase;
			files = (
			);
		};
/* End PBXSourcesBuildPhase section */

/* Begin PBXTargetDependency section */
		D98A86FF30685002007D5F92 /* PBXTargetDependency */ = {
			isa = PBXTargetDependency;
			target = D98A86EF30685001007D5F92 /* Chromahora */;
			targetProxy = D98A86FE30685002007D5F92 /* PBXContainerItemProxy */;
		};
		D98A872530685003007D5F92 /* PBXTargetDependency */ = {
			isa = PBXTargetDependency;
			target = D98A872030685003007D5F92 /* ChromahoraWidgets */;
			targetProxy = D98A872430685003007D5F92 /* PBXContainerItemProxy */;
		};
		D98A873430685004007D5F92 /* PBXTargetDependency */ = {
			isa = PBXTargetDependency;
			target = D98A873830685004007D5F92 /* ChromahoraWatch */;
			targetProxy = D98A873330685004007D5F92 /* PBXContainerItemProxy */;
		};
		D98A874430685005007D5F92 /* PBXTargetDependency */ = {
			isa = PBXTargetDependency;
			target = D98A874930685005007D5F92 /* ChromahoraWatchWidgets */;
			targetProxy = D98A874330685005007D5F92 /* PBXContainerItemProxy */;
		};
/* End PBXTargetDependency section */

/* Begin XCBuildConfiguration section */
		D98A870D30685002007D5F92 /* Debug configuration for PBXProject "Chromahora" */ = {
			isa = XCBuildConfiguration;
			buildSettings = {
				ALWAYS_SEARCH_USER_PATHS = NO;
				ASSETCATALOG_COMPILER_GENERATE_SWIFT_ASSET_SYMBOL_EXTENSIONS = YES;
				CLANG_ANALYZER_NONNULL = YES;
				CLANG_ANALYZER_NUMBER_OBJECT_CONVERSION = YES_AGGRESSIVE;
				CLANG_CXX_LANGUAGE_STANDARD = "gnu++20";
				CLANG_ENABLE_MODULES = YES;
				CLANG_ENABLE_OBJC_ARC = YES;
				CLANG_ENABLE_OBJC_WEAK = YES;
				CLANG_WARN_BLOCK_CAPTURE_AUTORELEASING = YES;
				CLANG_WARN_BOOL_CONVERSION = YES;
				CLANG_WARN_COMMA = YES;
				CLANG_WARN_CONSTANT_CONVERSION = YES;
				CLANG_WARN_DEPRECATED_OBJC_IMPLEMENTATIONS = YES;
				CLANG_WARN_DIRECT_OBJC_ISA_USAGE = YES_ERROR;
				CLANG_WARN_DOCUMENTATION_COMMENTS = YES;
				CLANG_WARN_EMPTY_BODY = YES;
				CLANG_WARN_ENUM_CONVERSION = YES;
				CLANG_WARN_INFINITE_RECURSION = YES;
				CLANG_WARN_INT_CONVERSION = YES;
				CLANG_WARN_NON_LITERAL_NULL_CONVERSION = YES;
				CLANG_WARN_OBJC_IMPLICIT_RETAIN_SELF = YES;
				CLANG_WARN_OBJC_LITERAL_CONVERSION = YES;
				CLANG_WARN_OBJC_ROOT_CLASS = YES_ERROR;
				CLANG_WARN_QUOTED_INCLUDE_IN_FRAMEWORK_HEADER = YES;
				CLANG_WARN_RANGE_LOOP_ANALYSIS = YES;
				CLANG_WARN_STRICT_PROTOTYPES = YES;
				CLANG_WARN_SUSPICIOUS_MOVE = YES;
				CLANG_WARN_UNGUARDED_AVAILABILITY = YES_AGGRESSIVE;
				CLANG_WARN_UNREACHABLE_CODE = YES;
				CLANG_WARN__DUPLICATE_METHOD_MATCH = YES;
				COPY_PHASE_STRIP = NO;
				CURRENT_PROJECT_VERSION = 1;
				DEBUG_INFORMATION_FORMAT = dwarf;
				DEVELOPMENT_TEAM = DHWPN889K5;
				ENABLE_STRICT_OBJC_MSGSEND = YES;
				ENABLE_TESTABILITY = YES;
				ENABLE_USER_SCRIPT_SANDBOXING = YES;
				GCC_C_LANGUAGE_STANDARD = gnu17;
				GCC_DYNAMIC_NO_PIC = NO;
				GCC_NO_COMMON_BLOCKS = YES;
				GCC_OPTIMIZATION_LEVEL = 0;
				GCC_PREPROCESSOR_DEFINITIONS = (
					"DEBUG=1",
					"$(inherited)",
				);
				GCC_WARN_64_TO_32_BIT_CONVERSION = YES;
				GCC_WARN_ABOUT_RETURN_TYPE = YES_ERROR;
				GCC_WARN_UNDECLARED_SELECTOR = YES;
				GCC_WARN_UNINITIALIZED_AUTOS = YES_AGGRESSIVE;
				GCC_WARN_UNUSED_FUNCTION = YES;
				GCC_WARN_UNUSED_VARIABLE = YES;
				IPHONEOS_DEPLOYMENT_TARGET = 26.0;
				LOCALIZATION_PREFERS_STRING_CATALOGS = YES;
				MARKETING_VERSION = 1.0;
				MTL_ENABLE_DEBUG_INFO = INCLUDE_SOURCE;
				MTL_FAST_MATH = YES;
				ONLY_ACTIVE_ARCH = YES;
				SDKROOT = iphoneos;
				SWIFT_ACTIVE_COMPILATION_CONDITIONS = "DEBUG $(inherited)";
				SWIFT_OPTIMIZATION_LEVEL = "-Onone";
				SWIFT_TREAT_WARNINGS_AS_ERRORS = YES;
			};
			name = Debug;
		};
		D98A870E30685002007D5F92 /* Release configuration for PBXProject "Chromahora" */ = {
			isa = XCBuildConfiguration;
			buildSettings = {
				ALWAYS_SEARCH_USER_PATHS = NO;
				ASSETCATALOG_COMPILER_GENERATE_SWIFT_ASSET_SYMBOL_EXTENSIONS = YES;
				CLANG_ANALYZER_NONNULL = YES;
				CLANG_ANALYZER_NUMBER_OBJECT_CONVERSION = YES_AGGRESSIVE;
				CLANG_CXX_LANGUAGE_STANDARD = "gnu++20";
				CLANG_ENABLE_MODULES = YES;
				CLANG_ENABLE_OBJC_ARC = YES;
				CLANG_ENABLE_OBJC_WEAK = YES;
				CLANG_WARN_BLOCK_CAPTURE_AUTORELEASING = YES;
				CLANG_WARN_BOOL_CONVERSION = YES;
				CLANG_WARN_COMMA = YES;
				CLANG_WARN_CONSTANT_CONVERSION = YES;
				CLANG_WARN_DEPRECATED_OBJC_IMPLEMENTATIONS = YES;
				CLANG_WARN_DIRECT_OBJC_ISA_USAGE = YES_ERROR;
				CLANG_WARN_DOCUMENTATION_COMMENTS = YES;
				CLANG_WARN_EMPTY_BODY = YES;
				CLANG_WARN_ENUM_CONVERSION = YES;
				CLANG_WARN_INFINITE_RECURSION = YES;
				CLANG_WARN_INT_CONVERSION = YES;
				CLANG_WARN_NON_LITERAL_NULL_CONVERSION = YES;
				CLANG_WARN_OBJC_IMPLICIT_RETAIN_SELF = YES;
				CLANG_WARN_OBJC_LITERAL_CONVERSION = YES;
				CLANG_WARN_OBJC_ROOT_CLASS = YES_ERROR;
				CLANG_WARN_QUOTED_INCLUDE_IN_FRAMEWORK_HEADER = YES;
				CLANG_WARN_RANGE_LOOP_ANALYSIS = YES;
				CLANG_WARN_STRICT_PROTOTYPES = YES;
				CLANG_WARN_SUSPICIOUS_MOVE = YES;
				CLANG_WARN_UNGUARDED_AVAILABILITY = YES_AGGRESSIVE;
				CLANG_WARN_UNREACHABLE_CODE = YES;
				CLANG_WARN__DUPLICATE_METHOD_MATCH = YES;
				COPY_PHASE_STRIP = NO;
				CURRENT_PROJECT_VERSION = 1;
				DEBUG_INFORMATION_FORMAT = "dwarf-with-dsym";
				DEVELOPMENT_TEAM = DHWPN889K5;
				ENABLE_NS_ASSERTIONS = NO;
				ENABLE_STRICT_OBJC_MSGSEND = YES;
				ENABLE_USER_SCRIPT_SANDBOXING = YES;
				GCC_C_LANGUAGE_STANDARD = gnu17;
				GCC_NO_COMMON_BLOCKS = YES;
				GCC_WARN_64_TO_32_BIT_CONVERSION = YES;
				GCC_WARN_ABOUT_RETURN_TYPE = YES_ERROR;
				GCC_WARN_UNDECLARED_SELECTOR = YES;
				GCC_WARN_UNINITIALIZED_AUTOS = YES_AGGRESSIVE;
				GCC_WARN_UNUSED_FUNCTION = YES;
				GCC_WARN_UNUSED_VARIABLE = YES;
				IPHONEOS_DEPLOYMENT_TARGET = 26.0;
				LOCALIZATION_PREFERS_STRING_CATALOGS = YES;
				MARKETING_VERSION = 1.0;
				MTL_ENABLE_DEBUG_INFO = NO;
				MTL_FAST_MATH = YES;
				SDKROOT = iphoneos;
				SWIFT_COMPILATION_MODE = wholemodule;
				SWIFT_TREAT_WARNINGS_AS_ERRORS = YES;
				VALIDATE_PRODUCT = YES;
			};
			name = Release;
		};
		D98A871030685002007D5F92 /* Debug configuration for PBXNativeTarget "Chromahora" */ = {
			isa = XCBuildConfiguration;
			buildSettings = {
				ASSETCATALOG_COMPILER_APPICON_NAME = AppIcon;
				ASSETCATALOG_COMPILER_GLOBAL_ACCENT_COLOR_NAME = AccentColor;
				CODE_SIGN_ENTITLEMENTS = Chromahora/App/Chromahora.entitlements;
				CODE_SIGN_STYLE = Automatic;
				DEVELOPMENT_TEAM = DHWPN889K5;
				ENABLE_PREVIEWS = YES;
				GENERATE_INFOPLIST_FILE = YES;
				INFOPLIST_FILE = Chromahora/App/Info.plist;
				INFOPLIST_KEY_ITSAppUsesNonExemptEncryption = NO;
				INFOPLIST_KEY_NSLocationWhenInUseUsageDescription = "Chromahora uses your location to work out when blue hour and golden hour happen where you are.";
				INFOPLIST_KEY_UIApplicationSceneManifest_Generation = YES;
				INFOPLIST_KEY_UIApplicationSupportsIndirectInputEvents = YES;
				INFOPLIST_KEY_UILaunchScreen_Generation = YES;
				INFOPLIST_KEY_UISupportedInterfaceOrientations_iPad = "UIInterfaceOrientationPortrait UIInterfaceOrientationPortraitUpsideDown UIInterfaceOrientationLandscapeLeft UIInterfaceOrientationLandscapeRight";
				INFOPLIST_KEY_UISupportedInterfaceOrientations_iPhone = "UIInterfaceOrientationPortrait UIInterfaceOrientationLandscapeLeft UIInterfaceOrientationLandscapeRight";
				LD_RUNPATH_SEARCH_PATHS = (
					"$(inherited)",
					"@executable_path/Frameworks",
				);
				PRODUCT_BUNDLE_IDENTIFIER = com.afollestad.Chromahora;
				PRODUCT_NAME = "$(TARGET_NAME)";
				STRING_CATALOG_GENERATE_SYMBOLS = YES;
				SWIFT_APPROACHABLE_CONCURRENCY = YES;
				SWIFT_DEFAULT_ACTOR_ISOLATION = MainActor;
				SWIFT_EMIT_LOC_STRINGS = YES;
				SWIFT_UPCOMING_FEATURE_MEMBER_IMPORT_VISIBILITY = YES;
				SWIFT_VERSION = 5.0;
				TARGETED_DEVICE_FAMILY = "1,2";
			};
			name = Debug;
		};
		D98A871130685002007D5F92 /* Release configuration for PBXNativeTarget "Chromahora" */ = {
			isa = XCBuildConfiguration;
			buildSettings = {
				ASSETCATALOG_COMPILER_APPICON_NAME = AppIcon;
				ASSETCATALOG_COMPILER_GLOBAL_ACCENT_COLOR_NAME = AccentColor;
				CODE_SIGN_ENTITLEMENTS = Chromahora/App/Chromahora.entitlements;
				CODE_SIGN_STYLE = Automatic;
				DEVELOPMENT_TEAM = DHWPN889K5;
				ENABLE_PREVIEWS = YES;
				GENERATE_INFOPLIST_FILE = YES;
				INFOPLIST_FILE = Chromahora/App/Info.plist;
				INFOPLIST_KEY_ITSAppUsesNonExemptEncryption = NO;
				INFOPLIST_KEY_NSLocationWhenInUseUsageDescription = "Chromahora uses your location to work out when blue hour and golden hour happen where you are.";
				INFOPLIST_KEY_UIApplicationSceneManifest_Generation = YES;
				INFOPLIST_KEY_UIApplicationSupportsIndirectInputEvents = YES;
				INFOPLIST_KEY_UILaunchScreen_Generation = YES;
				INFOPLIST_KEY_UISupportedInterfaceOrientations_iPad = "UIInterfaceOrientationPortrait UIInterfaceOrientationPortraitUpsideDown UIInterfaceOrientationLandscapeLeft UIInterfaceOrientationLandscapeRight";
				INFOPLIST_KEY_UISupportedInterfaceOrientations_iPhone = "UIInterfaceOrientationPortrait UIInterfaceOrientationLandscapeLeft UIInterfaceOrientationLandscapeRight";
				LD_RUNPATH_SEARCH_PATHS = (
					"$(inherited)",
					"@executable_path/Frameworks",
				);
				PRODUCT_BUNDLE_IDENTIFIER = com.afollestad.Chromahora;
				PRODUCT_NAME = "$(TARGET_NAME)";
				STRING_CATALOG_GENERATE_SYMBOLS = YES;
				SWIFT_APPROACHABLE_CONCURRENCY = YES;
				SWIFT_DEFAULT_ACTOR_ISOLATION = MainActor;
				SWIFT_EMIT_LOC_STRINGS = YES;
				SWIFT_UPCOMING_FEATURE_MEMBER_IMPORT_VISIBILITY = YES;
				SWIFT_VERSION = 5.0;
				TARGETED_DEVICE_FAMILY = "1,2";
			};
			name = Release;
		};
		D98A871330685002007D5F92 /* Debug configuration for PBXNativeTarget "ChromahoraTests" */ = {
			isa = XCBuildConfiguration;
			buildSettings = {
				BUNDLE_LOADER = "$(TEST_HOST)";
				CODE_SIGN_STYLE = Automatic;
				DEVELOPMENT_TEAM = DHWPN889K5;
				GENERATE_INFOPLIST_FILE = YES;
				IPHONEOS_DEPLOYMENT_TARGET = 26.0;
				PRODUCT_BUNDLE_IDENTIFIER = com.afollestad.ChromahoraTests;
				PRODUCT_NAME = "$(TARGET_NAME)";
				STRING_CATALOG_GENERATE_SYMBOLS = NO;
				SWIFT_APPROACHABLE_CONCURRENCY = YES;
				SWIFT_EMIT_LOC_STRINGS = NO;
				SWIFT_UPCOMING_FEATURE_MEMBER_IMPORT_VISIBILITY = YES;
				SWIFT_VERSION = 5.0;
				TARGETED_DEVICE_FAMILY = "1,2";
				TEST_HOST = "$(BUILT_PRODUCTS_DIR)/Chromahora.app/$(BUNDLE_EXECUTABLE_FOLDER_PATH)/Chromahora";
			};
			name = Debug;
		};
		D98A871430685002007D5F92 /* Release configuration for PBXNativeTarget "ChromahoraTests" */ = {
			isa = XCBuildConfiguration;
			buildSettings = {
				BUNDLE_LOADER = "$(TEST_HOST)";
				CODE_SIGN_STYLE = Automatic;
				DEVELOPMENT_TEAM = DHWPN889K5;
				GENERATE_INFOPLIST_FILE = YES;
				IPHONEOS_DEPLOYMENT_TARGET = 26.0;
				PRODUCT_BUNDLE_IDENTIFIER = com.afollestad.ChromahoraTests;
				PRODUCT_NAME = "$(TARGET_NAME)";
				STRING_CATALOG_GENERATE_SYMBOLS = NO;
				SWIFT_APPROACHABLE_CONCURRENCY = YES;
				SWIFT_EMIT_LOC_STRINGS = NO;
				SWIFT_UPCOMING_FEATURE_MEMBER_IMPORT_VISIBILITY = YES;
				SWIFT_VERSION = 5.0;
				TARGETED_DEVICE_FAMILY = "1,2";
				TEST_HOST = "$(BUILT_PRODUCTS_DIR)/Chromahora.app/$(BUNDLE_EXECUTABLE_FOLDER_PATH)/Chromahora";
			};
			name = Release;
		};
		D98A872D30685003007D5F92 /* Debug configuration for PBXNativeTarget "ChromahoraWidgets" */ = {
			isa = XCBuildConfiguration;
			buildSettings = {
				CODE_SIGN_ENTITLEMENTS = ChromahoraWidgets/ChromahoraWidgets.entitlements;
				CODE_SIGN_STYLE = Automatic;
				DEVELOPMENT_TEAM = DHWPN889K5;
				ENABLE_PREVIEWS = YES;
				GENERATE_INFOPLIST_FILE = YES;
				INFOPLIST_FILE = ChromahoraWidgets/Info.plist;
				INFOPLIST_KEY_CFBundleDisplayName = Chromahora;
				INFOPLIST_KEY_NSLocationWhenInUseUsageDescription = "Chromahora uses your location to work out when blue hour and golden hour happen where you are.";
				LD_RUNPATH_SEARCH_PATHS = (
					"$(inherited)",
					"@executable_path/Frameworks",
					"@executable_path/../../Frameworks",
				);
				PRODUCT_BUNDLE_IDENTIFIER = com.afollestad.Chromahora.Widgets;
				PRODUCT_NAME = "$(TARGET_NAME)";
				SKIP_INSTALL = YES;
				STRING_CATALOG_GENERATE_SYMBOLS = YES;
				SWIFT_APPROACHABLE_CONCURRENCY = YES;
				SWIFT_DEFAULT_ACTOR_ISOLATION = MainActor;
				SWIFT_EMIT_LOC_STRINGS = YES;
				SWIFT_UPCOMING_FEATURE_MEMBER_IMPORT_VISIBILITY = YES;
				SWIFT_VERSION = 5.0;
				TARGETED_DEVICE_FAMILY = "1,2";
			};
			name = Debug;
		};
		D98A872E30685003007D5F92 /* Release configuration for PBXNativeTarget "ChromahoraWidgets" */ = {
			isa = XCBuildConfiguration;
			buildSettings = {
				CODE_SIGN_ENTITLEMENTS = ChromahoraWidgets/ChromahoraWidgets.entitlements;
				CODE_SIGN_STYLE = Automatic;
				DEVELOPMENT_TEAM = DHWPN889K5;
				ENABLE_PREVIEWS = YES;
				GENERATE_INFOPLIST_FILE = YES;
				INFOPLIST_FILE = ChromahoraWidgets/Info.plist;
				INFOPLIST_KEY_CFBundleDisplayName = Chromahora;
				INFOPLIST_KEY_NSLocationWhenInUseUsageDescription = "Chromahora uses your location to work out when blue hour and golden hour happen where you are.";
				LD_RUNPATH_SEARCH_PATHS = (
					"$(inherited)",
					"@executable_path/Frameworks",
					"@executable_path/../../Frameworks",
				);
				PRODUCT_BUNDLE_IDENTIFIER = com.afollestad.Chromahora.Widgets;
				PRODUCT_NAME = "$(TARGET_NAME)";
				SKIP_INSTALL = YES;
				STRING_CATALOG_GENERATE_SYMBOLS = YES;
				SWIFT_APPROACHABLE_CONCURRENCY = YES;
				SWIFT_DEFAULT_ACTOR_ISOLATION = MainActor;
				SWIFT_EMIT_LOC_STRINGS = YES;
				SWIFT_UPCOMING_FEATURE_MEMBER_IMPORT_VISIBILITY = YES;
				SWIFT_VERSION = 5.0;
				TARGETED_DEVICE_FAMILY = "1,2";
			};
			name = Release;
		};
		D98A873D30685004007D5F92 /* Debug configuration for PBXNativeTarget "ChromahoraWatch" */ = {
			isa = XCBuildConfiguration;
			buildSettings = {
				ASSETCATALOG_COMPILER_APPICON_NAME = AppIcon;
				ASSETCATALOG_COMPILER_GLOBAL_ACCENT_COLOR_NAME = AccentColor;
				CODE_SIGN_ENTITLEMENTS = ChromahoraWatch/App/ChromahoraWatch.entitlements;
				CODE_SIGN_STYLE = Automatic;
				DEVELOPMENT_TEAM = DHWPN889K5;
				ENABLE_PREVIEWS = YES;
				GENERATE_INFOPLIST_FILE = YES;
				INFOPLIST_FILE = ChromahoraWatch/App/Info.plist;
				INFOPLIST_KEY_CFBundleDisplayName = Chromahora;
				INFOPLIST_KEY_ITSAppUsesNonExemptEncryption = NO;
				INFOPLIST_KEY_NSLocationWhenInUseUsageDescription = "Chromahora uses your location to work out when blue hour and golden hour happen where you are.";
				INFOPLIST_KEY_UISupportedInterfaceOrientations = "UIInterfaceOrientationPortrait UIInterfaceOrientationPortraitUpsideDown";
				INFOPLIST_KEY_WKCompanionAppBundleIdentifier = com.afollestad.Chromahora;
				INFOPLIST_KEY_WKRunsIndependentlyOfCompanionApp = YES;
				LD_RUNPATH_SEARCH_PATHS = (
					"$(inherited)",
					"@executable_path/Frameworks",
				);
				PRODUCT_BUNDLE_IDENTIFIER = com.afollestad.Chromahora.watchkitapp;
				PRODUCT_NAME = "$(TARGET_NAME)";
				SDKROOT = watchos;
				SKIP_INSTALL = YES;
				STRING_CATALOG_GENERATE_SYMBOLS = YES;
				SWIFT_APPROACHABLE_CONCURRENCY = YES;
				SWIFT_DEFAULT_ACTOR_ISOLATION = MainActor;
				SWIFT_EMIT_LOC_STRINGS = YES;
				SWIFT_UPCOMING_FEATURE_MEMBER_IMPORT_VISIBILITY = YES;
				SWIFT_VERSION = 5.0;
				TARGETED_DEVICE_FAMILY = 4;
				WATCHOS_DEPLOYMENT_TARGET = 26.0;
			};
			name = Debug;
		};
		D98A873E30685004007D5F92 /* Release configuration for PBXNativeTarget "ChromahoraWatch" */ = {
			isa = XCBuildConfiguration;
			buildSettings = {
				ASSETCATALOG_COMPILER_APPICON_NAME = AppIcon;
				ASSETCATALOG_COMPILER_GLOBAL_ACCENT_COLOR_NAME = AccentColor;
				CODE_SIGN_ENTITLEMENTS = ChromahoraWatch/App/ChromahoraWatch.entitlements;
				CODE_SIGN_STYLE = Automatic;
				DEVELOPMENT_TEAM = DHWPN889K5;
				ENABLE_PREVIEWS = YES;
				GENERATE_INFOPLIST_FILE = YES;
				INFOPLIST_FILE = ChromahoraWatch/App/Info.plist;
				INFOPLIST_KEY_CFBundleDisplayName = Chromahora;
				INFOPLIST_KEY_ITSAppUsesNonExemptEncryption = NO;
				INFOPLIST_KEY_NSLocationWhenInUseUsageDescription = "Chromahora uses your location to work out when blue hour and golden hour happen where you are.";
				INFOPLIST_KEY_UISupportedInterfaceOrientations = "UIInterfaceOrientationPortrait UIInterfaceOrientationPortraitUpsideDown";
				INFOPLIST_KEY_WKCompanionAppBundleIdentifier = com.afollestad.Chromahora;
				INFOPLIST_KEY_WKRunsIndependentlyOfCompanionApp = YES;
				LD_RUNPATH_SEARCH_PATHS = (
					"$(inherited)",
					"@executable_path/Frameworks",
				);
				PRODUCT_BUNDLE_IDENTIFIER = com.afollestad.Chromahora.watchkitapp;
				PRODUCT_NAME = "$(TARGET_NAME)";
				SDKROOT = watchos;
				SKIP_INSTALL = YES;
				STRING_CATALOG_GENERATE_SYMBOLS = YES;
				SWIFT_APPROACHABLE_CONCURRENCY = YES;
				SWIFT_DEFAULT_ACTOR_ISOLATION = MainActor;
				SWIFT_EMIT_LOC_STRINGS = YES;
				SWIFT_UPCOMING_FEATURE_MEMBER_IMPORT_VISIBILITY = YES;
				SWIFT_VERSION = 5.0;
				TARGETED_DEVICE_FAMILY = 4;
				WATCHOS_DEPLOYMENT_TARGET = 26.0;
			};
			name = Release;
		};
		D98A874E30685005007D5F92 /* Debug configuration for PBXNativeTarget "ChromahoraWatchWidgets" */ = {
			isa = XCBuildConfiguration;
			buildSettings = {
				CODE_SIGN_ENTITLEMENTS = ChromahoraWatchWidgets/ChromahoraWatchWidgets.entitlements;
				CODE_SIGN_STYLE = Automatic;
				DEVELOPMENT_TEAM = DHWPN889K5;
				ENABLE_PREVIEWS = YES;
				GENERATE_INFOPLIST_FILE = YES;
				INFOPLIST_FILE = ChromahoraWatchWidgets/Info.plist;
				INFOPLIST_KEY_CFBundleDisplayName = Chromahora;
				LD_RUNPATH_SEARCH_PATHS = (
					"$(inherited)",
					"@executable_path/Frameworks",
					"@executable_path/../../Frameworks",
				);
				PRODUCT_BUNDLE_IDENTIFIER = com.afollestad.Chromahora.watchkitapp.Widgets;
				PRODUCT_NAME = "$(TARGET_NAME)";
				SDKROOT = watchos;
				SKIP_INSTALL = YES;
				STRING_CATALOG_GENERATE_SYMBOLS = YES;
				SWIFT_APPROACHABLE_CONCURRENCY = YES;
				SWIFT_DEFAULT_ACTOR_ISOLATION = MainActor;
				SWIFT_EMIT_LOC_STRINGS = YES;
				SWIFT_UPCOMING_FEATURE_MEMBER_IMPORT_VISIBILITY = YES;
				SWIFT_VERSION = 5.0;
				TARGETED_DEVICE_FAMILY = 4;
				WATCHOS_DEPLOYMENT_TARGET = 26.0;
			};
			name = Debug;
		};
		D98A874F30685005007D5F92 /* Release configuration for PBXNativeTarget "ChromahoraWatchWidgets" */ = {
			isa = XCBuildConfiguration;
			buildSettings = {
				CODE_SIGN_ENTITLEMENTS = ChromahoraWatchWidgets/ChromahoraWatchWidgets.entitlements;
				CODE_SIGN_STYLE = Automatic;
				DEVELOPMENT_TEAM = DHWPN889K5;
				ENABLE_PREVIEWS = YES;
				GENERATE_INFOPLIST_FILE = YES;
				INFOPLIST_FILE = ChromahoraWatchWidgets/Info.plist;
				INFOPLIST_KEY_CFBundleDisplayName = Chromahora;
				LD_RUNPATH_SEARCH_PATHS = (
					"$(inherited)",
					"@executable_path/Frameworks",
					"@executable_path/../../Frameworks",
				);
				PRODUCT_BUNDLE_IDENTIFIER = com.afollestad.Chromahora.watchkitapp.Widgets;
				PRODUCT_NAME = "$(TARGET_NAME)";
				SDKROOT = watchos;
				SKIP_INSTALL = YES;
				STRING_CATALOG_GENERATE_SYMBOLS = YES;
				SWIFT_APPROACHABLE_CONCURRENCY = YES;
				SWIFT_DEFAULT_ACTOR_ISOLATION = MainActor;
				SWIFT_EMIT_LOC_STRINGS = YES;
				SWIFT_UPCOMING_FEATURE_MEMBER_IMPORT_VISIBILITY = YES;
				SWIFT_VERSION = 5.0;
				TARGETED_DEVICE_FAMILY = 4;
				WATCHOS_DEPLOYMENT_TARGET = 26.0;
			};
			name = Release;
		};
/* End XCBuildConfiguration section */

/* Begin XCConfigurationList section */
		D98A86EB30685001007D5F92 /* Build configuration list for PBXProject "Chromahora" */ = {
			isa = XCConfigurationList;
			buildConfigurations = (
				D98A870D30685002007D5F92 /* Debug configuration for PBXProject "Chromahora" */,
				D98A870E30685002007D5F92 /* Release configuration for PBXProject "Chromahora" */,
			);
			defaultConfigurationName = Release;
		};
		D98A870F30685002007D5F92 /* Build configuration list for PBXNativeTarget "Chromahora" */ = {
			isa = XCConfigurationList;
			buildConfigurations = (
				D98A871030685002007D5F92 /* Debug configuration for PBXNativeTarget "Chromahora" */,
				D98A871130685002007D5F92 /* Release configuration for PBXNativeTarget "Chromahora" */,
			);
			defaultConfigurationName = Release;
		};
		D98A871230685002007D5F92 /* Build configuration list for PBXNativeTarget "ChromahoraTests" */ = {
			isa = XCConfigurationList;
			buildConfigurations = (
				D98A871330685002007D5F92 /* Debug configuration for PBXNativeTarget "ChromahoraTests" */,
				D98A871430685002007D5F92 /* Release configuration for PBXNativeTarget "ChromahoraTests" */,
			);
			defaultConfigurationName = Release;
		};
		D98A872C30685003007D5F92 /* Build configuration list for PBXNativeTarget "ChromahoraWidgets" */ = {
			isa = XCConfigurationList;
			buildConfigurations = (
				D98A872D30685003007D5F92 /* Debug configuration for PBXNativeTarget "ChromahoraWidgets" */,
				D98A872E30685003007D5F92 /* Release configuration for PBXNativeTarget "ChromahoraWidgets" */,
			);
			defaultConfigurationName = Release;
		};
		D98A873C30685004007D5F92 /* Build configuration list for PBXNativeTarget "ChromahoraWatch" */ = {
			isa = XCConfigurationList;
			buildConfigurations = (
				D98A873D30685004007D5F92 /* Debug configuration for PBXNativeTarget "ChromahoraWatch" */,
				D98A873E30685004007D5F92 /* Release configuration for PBXNativeTarget "ChromahoraWatch" */,
			);
			defaultConfigurationName = Release;
		};
		D98A874D30685005007D5F92 /* Build configuration list for PBXNativeTarget "ChromahoraWatchWidgets" */ = {
			isa = XCConfigurationList;
			buildConfigurations = (
				D98A874E30685005007D5F92 /* Debug configuration for PBXNativeTarget "ChromahoraWatchWidgets" */,
				D98A874F30685005007D5F92 /* Release configuration for PBXNativeTarget "ChromahoraWatchWidgets" */,
			);
			defaultConfigurationName = Release;
		};
/* End XCConfigurationList section */

/* Begin XCRemoteSwiftPackageReference section */
		D98A871930685002007D5F92 /* XCRemoteSwiftPackageReference "swift-snapshot-testing" */ = {
			isa = XCRemoteSwiftPackageReference;
			repositoryURL = "https://github.com/pointfreeco/swift-snapshot-testing";
			requirement = {
				kind = exactVersion;
				version = 1.19.6;
			};
		};
/* End XCRemoteSwiftPackageReference section */

/* Begin XCSwiftPackageProductDependency section */
		D98A871A30685002007D5F92 /* SnapshotTesting */ = {
			isa = XCSwiftPackageProductDependency;
			package = D98A871930685002007D5F92 /* XCRemoteSwiftPackageReference "swift-snapshot-testing" */;
			productName = SnapshotTesting;
		};
/* End XCSwiftPackageProductDependency section */
	};
	rootObject = D98A86E830685001007D5F92 /* Project object */;
	validationLevel = 1;
}
